
Microsoft Visual Studio Solution File, Format Version 12.00
# Visual Studio Version 16
VisualStudioVersion = 16.0.32106.194
MinimumVisualStudioVersion = 10.0.40219.1
Project("{FAE04EC0-301F-11D3-BF4B-00C04F79EFBC}") = "SC.Packer", "SC.Packer\SC.Packer.csproj", "{B9A94E40-30DC-483C-A14C-4E1F68DD4261}"
EndProject
Global
	GlobalSection(SolutionConfigurationPlatforms) = preSolution
		Debug|Any CPU = Debug|Any CPU
		Release|Any CPU = Release|Any CPU
	EndGlobalSection
	GlobalSection(ProjectConfigurationPlatforms) = postSolution
		{B9A94E40-30DC-483C-A14C-4E1F68DD4261}.Debug|Any CPU.ActiveCfg = Debug|Any CPU
		{B9A94E40-30DC-483C-A14C-4E1F68DD4261}.Debug|Any CPU.Build.0 = Debug|Any CPU
		{B9A94E40-30DC-483C-A14C-4E1F68DD4261}.Release|Any CPU.ActiveCfg = Release|Any CPU
		{B9A94E40-30DC-483C-A14C-4E1F68DD4261}.Release|Any CPU.Build.0 = Release|Any CPU
	EndGlobalSection
	GlobalSection(SolutionProperties) = preSolution
		HideSolutionNode = FALSE
	EndGlobalSection
	GlobalSection(ExtensibilityGlobals) = postSolution
		SolutionGuid = {4EB3C3A1-7615-4988-8F98-82B69732BA4C}
	EndGlobalSection
EndGlobal
